{
  "name": "textquest",
  "lockfileVersion": 3,
  "requires": true,
  "packages": {
    "": {
      "devDependencies": {
        "@rohal12/twee-ts": "^1.14.0"
      }
    },
    "node_modules/@rohal12/twee-ts": {
      "version": "1.14.0",
      "resolved": "https://registry.npmjs.org/@rohal12/twee-ts/-/twee-ts-1.14.0.tgz",
      "integrity": "sha512-501XVyFLgtdD9XXFq8PwUFUIB5/1HYkGLOcSHhFkv3J3b9mRWxE20DiEbbVAlaIBWE/WoxmKUqKfudPupVhrqQ==",
      "dev": true,
      "license": "Unlicense",
      "bin": {
        "twee-ts": "dist/bin/twee-ts.js"
      },
      "engines": {
        "node": ">=22"
      }
    }
  }
}
